
Microsoft Visual Studio Solution File, Format Version 12.00
# Visual Studio Version 17
VisualStudioVersion = 17.5.33502.453
MinimumVisualStudioVersion = 10.0.40219.1
Project("{9A19103F-16F7-4668-BE54-9A1E7A4F7556}") = "ProjectMomoDonation.Core", "ProjectMomoDonation.Core\ProjectMomoDonation.Core.csproj", "{DD8A3CD3-98D1-469D-8A5E-5F4D6095A4FB}"
EndProject
Project("{9A19103F-16F7-4668-BE54-9A1E7A4F7556}") = "ProjectMomoDonation.API", "ProjectMomoDonation.API\ProjectMomoDonation.API.csproj", "{A5B7C5F0-246A-4600-B741-1CA2C2F1771E}"
EndProject
Project("{FAE04EC0-301F-11D3-BF4B-00C04F79EFBC}") = "ProjectMomoDonation.UnitTest", "ProjectMomoDonation.UnitTest\ProjectMomoDonation.UnitTest.csproj", "{1343FF2E-1CA7-4763-A082-D54B1D2C9F26}"
EndProject
Global
	GlobalSection(SolutionConfigurationPlatforms) = preSolution
		Debug|Any CPU = Debug|Any CPU
		Release|Any CPU = Release|Any CPU
	EndGlobalSection
	GlobalSection(ProjectConfigurationPlatforms) = postSolution
		{DD8A3CD3-98D1-469D-8A5E-5F4D6095A4FB}.Debug|Any CPU.ActiveCfg = Debug|Any CPU
		{DD8A3CD3-98D1-469D-8A5E-5F4D6095A4FB}.Debug|Any CPU.Build.0 = Debug|Any CPU
		{DD8A3CD3-98D1-469D-8A5E-5F4D6095A4FB}.Release|Any CPU.ActiveCfg = Release|Any CPU
		{DD8A3CD3-98D1-469D-8A5E-5F4D6095A4FB}.Release|Any CPU.Build.0 = Release|Any CPU
		{A5B7C5F0-246A-4600-B741-1CA2C2F1771E}.Debug|Any CPU.ActiveCfg = Debug|Any CPU
		{A5B7C5F0-246A-4600-B741-1CA2C2F1771E}.Debug|Any CPU.Build.0 = Debug|Any CPU
		{A5B7C5F0-246A-4600-B741-1CA2C2F1771E}.Release|Any CPU.ActiveCfg = Release|Any CPU
		{A5B7C5F0-246A-4600-B741-1CA2C2F1771E}.Release|Any CPU.Build.0 = Release|Any CPU
		{1343FF2E-1CA7-4763-A082-D54B1D2C9F26}.Debug|Any CPU.ActiveCfg = Debug|Any CPU
		{1343FF2E-1CA7-4763-A082-D54B1D2C9F26}.Debug|Any CPU.Build.0 = Debug|Any CPU
		{1343FF2E-1CA7-4763-A082-D54B1D2C9F26}.Release|Any CPU.ActiveCfg = Release|Any CPU
		{1343FF2E-1CA7-4763-A082-D54B1D2C9F26}.Release|Any CPU.Build.0 = Release|Any CPU
	EndGlobalSection
	GlobalSection(SolutionProperties) = preSolution
		HideSolutionNode = FALSE
	EndGlobalSection
	GlobalSection(ExtensibilityGlobals) = postSolution
		SolutionGuid = {58B4B437-0CB1-46A8-A60E-4DDFEE065512}
	EndGlobalSection
EndGlobal
