
Microsoft Visual Studio Solution File, Format Version 12.00
# Visual Studio Version 17
VisualStudioVersion = 17.5.33502.453
MinimumVisualStudioVersion = 10.0.40219.1
Project("{9A19103F-16F7-4668-BE54-9A1E7A4F7556}") = "ProjectMomoDonation.Core", "ProjectMomoDonation.Core.csproj", "{417FEEF5-FDD8-4465-8440-6D5AF689ECBB}"
EndProject
Global
	GlobalSection(SolutionConfigurationPlatforms) = preSolution
		Debug|Any CPU = Debug|Any CPU
		Release|Any CPU = Release|Any CPU
	EndGlobalSection
	GlobalSection(ProjectConfigurationPlatforms) = postSolution
		{417FEEF5-FDD8-4465-8440-6D5AF689ECBB}.Debug|Any CPU.ActiveCfg = Debug|Any CPU
		{417FEEF5-FDD8-4465-8440-6D5AF689ECBB}.Debug|Any CPU.Build.0 = Debug|Any CPU
		{417FEEF5-FDD8-4465-8440-6D5AF689ECBB}.Release|Any CPU.ActiveCfg = Release|Any CPU
		{417FEEF5-FDD8-4465-8440-6D5AF689ECBB}.Release|Any CPU.Build.0 = Release|Any CPU
	EndGlobalSection
	GlobalSection(SolutionProperties) = preSolution
		HideSolutionNode = FALSE
	EndGlobalSection
	GlobalSection(ExtensibilityGlobals) = postSolution
		SolutionGuid = {805FD7EF-ABBE-4229-AB68-0A81F44E3281}
	EndGlobalSection
EndGlobal
